
Microsoft Visual Studio Solution File, Format Version 12.00
# Visual Studio Version 17
VisualStudioVersion = 17.7.34031.279
MinimumVisualStudioVersion = 10.0.40219.1
Project("{FAE04EC0-301F-11D3-BF4B-00C04F79EFBC}") = "8СSharp", "8 С#\8СSharp.csproj", "{4983AA8D-6D26-4121-B723-20A22CC6BE97}"
EndProject
Project("{FAE04EC0-301F-11D3-BF4B-00C04F79EFBC}") = "SerializeLIB", "SerializeLIB\SerializeLIB.csproj", "{CCDF6F76-2EC7-4985-86CF-8FEFFEF8AE72}"
EndProject
Project("{FAE04EC0-301F-11D3-BF4B-00C04F79EFBC}") = "ThemeLibrary", "ThemeLIB\ThemeLibrary.csproj", "{A7A98FF6-1DFB-4C35-9105-03B879CDCBBD}"
EndProject
Global
	GlobalSection(SolutionConfigurationPlatforms) = preSolution
		Debug|Any CPU = Debug|Any CPU
		Release|Any CPU = Release|Any CPU
	EndGlobalSection
	GlobalSection(ProjectConfigurationPlatforms) = postSolution
		{4983AA8D-6D26-4121-B723-20A22CC6BE97}.Debug|Any CPU.ActiveCfg = Debug|Any CPU
		{4983AA8D-6D26-4121-B723-20A22CC6BE97}.Debug|Any CPU.Build.0 = Debug|Any CPU
		{4983AA8D-6D26-4121-B723-20A22CC6BE97}.Release|Any CPU.ActiveCfg = Release|Any CPU
		{4983AA8D-6D26-4121-B723-20A22CC6BE97}.Release|Any CPU.Build.0 = Release|Any CPU
		{CCDF6F76-2EC7-4985-86CF-8FEFFEF8AE72}.Debug|Any CPU.ActiveCfg = Debug|Any CPU
		{CCDF6F76-2EC7-4985-86CF-8FEFFEF8AE72}.Debug|Any CPU.Build.0 = Debug|Any CPU
		{CCDF6F76-2EC7-4985-86CF-8FEFFEF8AE72}.Release|Any CPU.ActiveCfg = Release|Any CPU
		{CCDF6F76-2EC7-4985-86CF-8FEFFEF8AE72}.Release|Any CPU.Build.0 = Release|Any CPU
		{A7A98FF6-1DFB-4C35-9105-03B879CDCBBD}.Debug|Any CPU.ActiveCfg = Debug|Any CPU
		{A7A98FF6-1DFB-4C35-9105-03B879CDCBBD}.Debug|Any CPU.Build.0 = Debug|Any CPU
		{A7A98FF6-1DFB-4C35-9105-03B879CDCBBD}.Release|Any CPU.ActiveCfg = Release|Any CPU
		{A7A98FF6-1DFB-4C35-9105-03B879CDCBBD}.Release|Any CPU.Build.0 = Release|Any CPU
	EndGlobalSection
	GlobalSection(SolutionProperties) = preSolution
		HideSolutionNode = FALSE
	EndGlobalSection
	GlobalSection(ExtensibilityGlobals) = postSolution
		SolutionGuid = {B96FD945-4AA1-4002-B5FB-63E2E4D7742F}
	EndGlobalSection
EndGlobal
